
Microsoft Visual Studio Solution File, Format Version 12.00
# Visual Studio Version 16
VisualStudioVersion = 16.0.30523.141
MinimumVisualStudioVersion = 10.0.40219.1
Project("{8BC9CEB8-8B4A-11D0-8D11-00A0C91BC942}") = "Project_16_For_и_фичи", "Project_16_For_и_фичи.vcxproj", "{F17459EA-56F8-429E-BC33-8E7B00653671}"
EndProject
Global
	GlobalSection(SolutionConfigurationPlatforms) = preSolution
		Debug|x64 = Debug|x64
		Debug|x86 = Debug|x86
		Release|x64 = Release|x64
		Release|x86 = Release|x86
	EndGlobalSection
	GlobalSection(ProjectConfigurationPlatforms) = postSolution
		{F17459EA-56F8-429E-BC33-8E7B00653671}.Debug|x64.ActiveCfg = Debug|x64
		{F17459EA-56F8-429E-BC33-8E7B00653671}.Debug|x64.Build.0 = Debug|x64
		{F17459EA-56F8-429E-BC33-8E7B00653671}.Debug|x86.ActiveCfg = Debug|Win32
		{F17459EA-56F8-429E-BC33-8E7B00653671}.Debug|x86.Build.0 = Debug|Win32
		{F17459EA-56F8-429E-BC33-8E7B00653671}.Release|x64.ActiveCfg = Release|x64
		{F17459EA-56F8-429E-BC33-8E7B00653671}.Release|x64.Build.0 = Release|x64
		{F17459EA-56F8-429E-BC33-8E7B00653671}.Release|x86.ActiveCfg = Release|Win32
		{F17459EA-56F8-429E-BC33-8E7B00653671}.Release|x86.Build.0 = Release|Win32
	EndGlobalSection
	GlobalSection(SolutionProperties) = preSolution
		HideSolutionNode = FALSE
	EndGlobalSection
	GlobalSection(ExtensibilityGlobals) = postSolution
		SolutionGuid = {1F9FA4B4-7F41-4EE1-BC72-015089291AB3}
	EndGlobalSection
EndGlobal
