
Microsoft Visual Studio Solution File, Format Version 12.00
# Visual Studio Version 16
VisualStudioVersion = 16.0.30523.141
MinimumVisualStudioVersion = 10.0.40219.1
Project("{8BC9CEB8-8B4A-11D0-8D11-00A0C91BC942}") = "Pract", "Pract.vcxproj", "{BA131684-769D-4F25-BF81-7991C21476F8}"
EndProject
Global
	GlobalSection(SolutionConfigurationPlatforms) = preSolution
		Debug|x64 = Debug|x64
		Debug|x86 = Debug|x86
		Release|x64 = Release|x64
		Release|x86 = Release|x86
	EndGlobalSection
	GlobalSection(ProjectConfigurationPlatforms) = postSolution
		{BA131684-769D-4F25-BF81-7991C21476F8}.Debug|x64.ActiveCfg = Debug|x64
		{BA131684-769D-4F25-BF81-7991C21476F8}.Debug|x64.Build.0 = Debug|x64
		{BA131684-769D-4F25-BF81-7991C21476F8}.Debug|x86.ActiveCfg = Debug|Win32
		{BA131684-769D-4F25-BF81-7991C21476F8}.Debug|x86.Build.0 = Debug|Win32
		{BA131684-769D-4F25-BF81-7991C21476F8}.Release|x64.ActiveCfg = Release|x64
		{BA131684-769D-4F25-BF81-7991C21476F8}.Release|x64.Build.0 = Release|x64
		{BA131684-769D-4F25-BF81-7991C21476F8}.Release|x86.ActiveCfg = Release|Win32
		{BA131684-769D-4F25-BF81-7991C21476F8}.Release|x86.Build.0 = Release|Win32
	EndGlobalSection
	GlobalSection(SolutionProperties) = preSolution
		HideSolutionNode = FALSE
	EndGlobalSection
	GlobalSection(ExtensibilityGlobals) = postSolution
		SolutionGuid = {5C9DEF3C-4791-4225-8485-821B6CBA3345}
	EndGlobalSection
EndGlobal
